// !$*UTF8*$!
{
	archiveVersion = 1;
	classes = {
	};
	objectVersion = 46;
	objects = {

/* Begin PBXBuildFile section */
		56E12ED31BCF86FE0004F3D2 /* AppDelegate.swift in Sources */ = {isa = PBXBuildFile; fileRef = 56E12ED21BCF86FE0004F3D2 /* AppDelegate.swift */; };
		56E12ED51BCF86FE0004F3D2 /* ViewController.swift in Sources */ = {isa = PBXBuildFile; fileRef = 56E12ED41BCF86FE0004F3D2 /* ViewController.swift */; };
		56E12ED81BCF86FE0004F3D2 /* Main.storyboard in Resources */ = {isa = PBXBuildFile; fileRef = 56E12ED61BCF86FE0004F3D2 /* Main.storyboard */; };
		56E12EDB1BCF86FE0004F3D2 /* Notes.xcdatamodeld in Sources */ = {isa = PBXBuildFile; fileRef = 56E12ED91BCF86FE0004F3D2 /* Notes.xcdatamodeld */; };
		56E12EDD1BCF86FE0004F3D2 /* Assets.xcassets in Resources */ = {isa = PBXBuildFile; fileRef = 56E12EDC1BCF86FE0004F3D2 /* Assets.xcassets */; };
		56E12EE01BCF86FE0004F3D2 /* LaunchScreen.storyboard in Resources */ = {isa = PBXBuildFile; fileRef = 56E12EDE1BCF86FE0004F3D2 /* LaunchScreen.storyboard */; };
		56E12EEB1BCF86FE0004F3D2 /* NotesTests.swift in Sources */ = {isa = PBXBuildFile; fileRef = 56E12EEA1BCF86FE0004F3D2 /* NotesTests.swift */; };
		56E12EF61BCF86FE0004F3D2 /* NotesUITests.swift in Sources */ = {isa = PBXBuildFile; fileRef = 56E12EF51BCF86FE0004F3D2 /* NotesUITests.swift */; };
/* End PBXBuildFile section */

/* Begin PBXContainerItemProxy section */
		56E12EE71BCF86FE0004F3D2 /* PBXContainerItemProxy */ = {
			isa = PBXContainerItemProxy;
			containerPortal = 56E12EC71BCF86FE0004F3D2 /* Project object */;
			proxyType = 1;
			remoteGlobalIDString = 56E12ECE1BCF86FE0004F3D2;
			remoteInfo = Notes;
		};
		56E12EF21BCF86FE0004F3D2 /* PBXContainerItemProxy */ = {
			isa = PBXContainerItemProxy;
			containerPortal = 56E12EC71BCF86FE0004F3D2 /* Project object */;
			proxyType = 1;
			remoteGlobalIDString = 56E12ECE1BCF86FE0004F3D2;
			remoteInfo = Notes;
		};
/* End PBXContainerItemProxy section */

/* Begin PBXFileReference section */
		56E12ECF1BCF86FE0004F3D2 /* Notes.app */ = {isa = PBXFileReference; explicitFileType = wrapper.application; includeInIndex = 0; path = Notes.app; sourceTree = BUILT_PRODUCTS_DIR; };
		56E12ED21BCF86FE0004F3D2 /* AppDelegate.swift */ = {isa = PBXFileReference; lastKnownFileType = sourcecode.swift; path = AppDelegate.swift; sourceTree = "<group>"; };
		56E12ED41BCF86FE0004F3D2 /* ViewController.swift */ = {isa = PBXFileReference; lastKnownFileType = sourcecode.swift; path = ViewController.swift; sourceTree = "<group>"; };
		56E12ED71BCF86FE0004F3D2 /* Base */ = {isa = PBXFileReference; lastKnownFileType = file.storyboard; name = Base; path = Base.lproj/Main.storyboard; sourceTree = "<group>"; };
		56E12EDA1BCF86FE0004F3D2 /* Notes.xcdatamodel */ = {isa = PBXFileReference; lastKnownFileType = wrapper.xcdatamodel; path = Notes.xcdatamodel; sourceTree = "<group>"; };
		56E12EDC1BCF86FE0004F3D2 /* Assets.xcassets */ = {isa = PBXFileReference; lastKnownFileType = folder.assetcatalog; path = Assets.xcassets; sourceTree = "<group>"; };
		56E12EDF1BCF86FE0004F3D2 /* Base */ = {isa = PBXFileReference; lastKnownFileType = file.storyboard; name = Base; path = Base.lproj/LaunchScreen.storyboard; sourceTree = "<group>"; };
		56E12EE11BCF86FE0004F3D2 /* Info.plist */ = {isa = PBXFileReference; lastKnownFileType = text.plist.xml; path = Info.plist; sourceTree = "<group>"; };
		56E12EE61BCF86FE0004F3D2 /* NotesTests.xctest */ = {isa = PBXFileReference; explicitFileType = wrapper.cfbundle; includeInIndex = 0; path = NotesTests.xctest; sourceTree = BUILT_PRODUCTS_DIR; };
		56E12EEA1BCF86FE0004F3D2 /* NotesTests.swift */ = {isa = PBXFileReference; lastKnownFileType = sourcecode.swift; path = NotesTests.swift; sourceTree = "<group>"; };
		56E12EEC1BCF86FE0004F3D2 /* Info.plist */ = {isa = PBXFileReference; lastKnownFileType = text.plist.xml; path = Info.plist; sourceTree = "<group>"; };
		56E12EF11BCF86FE0004F3D2 /* NotesUITests.xctest */ = {isa = PBXFileReference; explicitFileType = wrapper.cfbundle; includeInIndex = 0; path = NotesUITests.xctest; sourceTree = BUILT_PRODUCTS_DIR; };
		56E12EF51BCF86FE0004F3D2 /* NotesUITests.swift */ = {isa = PBXFileReference; lastKnownFileType = sourcecode.swift; path = NotesUITests.swift; sourceTree = "<group>"; };
		56E12EF71BCF86FE0004F3D2 /* Info.plist */ = {isa = PBXFileReference; lastKnownFileType = text.plist.xml; path = Info.plist; sourceTree = "<group>"; };
/* End PBXFileReference section */

/* Begin PBXFrameworksBuildPhase section */
		56E12ECC1BCF86FE0004F3D2 /* Frameworks */ = {
			isa = PBXFrameworksBuildPhase;
			buildActionMask = 2147483647;
			files = (
			);
			runOnlyForDeploymentPostprocessing = 0;
		};
		56E12EE31BCF86FE0004F3D2 /* Frameworks */ = {
			isa = PBXFrameworksBuildPhase;
			buildActionMask = 2147483647;
			files = (
			);
			runOnlyForDeploymentPostprocessing = 0;
		};
		56E12EEE1BCF86FE0004F3D2 /* Frameworks */ = {
			isa = PBXFrameworksBuildPhase;
			buildActionMask = 2147483647;
			files = (
			);
			runOnlyForDeploymentPostprocessing = 0;
		};
/* End PBXFrameworksBuildPhase section */

/* Begin PBXGroup section */
		56E12EC61BCF86FE0004F3D2 = {
			isa = PBXGroup;
			children = (
				56E12ED11BCF86FE0004F3D2 /* Notes */,
				56E12EE91BCF86FE0004F3D2 /* NotesTests */,
				56E12EF41BCF86FE0004F3D2 /* NotesUITests */,
				56E12ED01BCF86FE0004F3D2 /* Products */,
			);
			sourceTree = "<group>";
		};
		56E12ED01BCF86FE0004F3D2 /* Products */ = {
			isa = PBXGroup;
			children = (
				56E12ECF1BCF86FE0004F3D2 /* Notes.app */,
				56E12EE61BCF86FE0004F3D2 /* NotesTests.xctest */,
				56E12EF11BCF86FE0004F3D2 /* NotesUITests.xctest */,
			);
			name = Products;
			sourceTree = "<group>";
		};
		56E12ED11BCF86FE0004F3D2 /* Notes */ = {
			isa = PBXGroup;
			children = (
				56E12ED21BCF86FE0004F3D2 /* AppDelegate.swift */,
				56E12ED41BCF86FE0004F3D2 /* ViewController.swift */,
				56E12ED61BCF86FE0004F3D2 /* Main.storyboard */,
				56E12EDC1BCF86FE0004F3D2 /* Assets.xcassets */,
				56E12EDE1BCF86FE0004F3D2 /* LaunchScreen.storyboard */,
				56E12EE11BCF86FE0004F3D2 /* Info.plist */,
				56E12ED91BCF86FE0004F3D2 /* Notes.xcdatamodeld */,
			);
			path = Notes;
			sourceTree = "<group>";
		};
		56E12EE91BCF86FE0004F3D2 /* NotesTests */ = {
			isa = PBXGroup;
			children = (
				56E12EEA1BCF86FE0004F3D2 /* NotesTests.swift */,
				56E12EEC1BCF86FE0004F3D2 /* Info.plist */,
			);
			path = NotesTests;
			sourceTree = "<group>";
		};
		56E12EF41BCF86FE0004F3D2 /* NotesUITests */ = {
			isa = PBXGroup;
			children = (
				56E12EF51BCF86FE0004F3D2 /* NotesUITests.swift */,
				56E12EF71BCF86FE0004F3D2 /* Info.plist */,
			);
			path = NotesUITests;
			sourceTree = "<group>";
		};
/* End PBXGroup section */

/* Begin PBXNativeTarget section */
		56E12ECE1BCF86FE0004F3D2 /* Notes */ = {
			isa = PBXNativeTarget;
			buildConfigurationList = 56E12EFA1BCF86FE0004F3D2 /* Build configuration list for PBXNativeTarget "Notes" */;
			buildPhases = (
				56E12ECB1BCF86FE0004F3D2 /* Sources */,
				56E12ECC1BCF86FE0004F3D2 /* Frameworks */,
				56E12ECD1BCF86FE0004F3D2 /* Resources */,
			);
			buildRules = (
			);
			dependencies = (
			);
			name = Notes;
			productName = Notes;
			productReference = 56E12ECF1BCF86FE0004F3D2 /* Notes.app */;
			productType = "com.apple.product-type.application";
		};
		56E12EE51BCF86FE0004F3D2 /* NotesTests */ = {
			isa = PBXNativeTarget;
			buildConfigurationList = 56E12EFD1BCF86FE0004F3D2 /* Build configuration list for PBXNativeTarget "NotesTests" */;
			buildPhases = (
				56E12EE21BCF86FE0004F3D2 /* Sources */,
				56E12EE31BCF86FE0004F3D2 /* Frameworks */,
				56E12EE41BCF86FE0004F3D2 /* Resources */,
			);
			buildRules = (
			);
			dependencies = (
				56E12EE81BCF86FE0004F3D2 /* PBXTargetDependency */,
			);
			name = NotesTests;
			productName = NotesTests;
			productReference = 56E12EE61BCF86FE0004F3D2 /* NotesTests.xctest */;
			productType = "com.apple.product-type.bundle.unit-test";
		};
		56E12EF01BCF86FE0004F3D2 /* NotesUITests */ = {
			isa = PBXNativeTarget;
			buildConfigurationList = 56E12F001BCF86FE0004F3D2 /* Build configuration list for PBXNativeTarget "NotesUITests" */;
			buildPhases = (
				56E12EED1BCF86FE0004F3D2 /* Sources */,
				56E12EEE1BCF86FE0004F3D2 /* Frameworks */,
				56E12EEF1BCF86FE0004F3D2 /* Resources */,
			);
			buildRules = (
			);
			dependencies = (
				56E12EF31BCF86FE0004F3D2 /* PBXTargetDependency */,
			);
			name = NotesUITests;
			productName = NotesUITests;
			productReference = 56E12EF11BCF86FE0004F3D2 /* NotesUITests.xctest */;
			productType = "com.apple.product-type.bundle.ui-testing";
		};
/* End PBXNativeTarget section */

/* Begin PBXProject section */
		56E12EC71BCF86FE0004F3D2 /* Project object */ = {
			isa = PBXProject;
			attributes = {
				LastUpgradeCheck = 0700;
				ORGANIZATIONNAME = "boby thomas";
				TargetAttributes = {
					56E12ECE1BCF86FE0004F3D2 = {
						CreatedOnToolsVersion = 7.0.1;
					};
					56E12EE51BCF86FE0004F3D2 = {
						CreatedOnToolsVersion = 7.0.1;
						TestTargetID = 56E12ECE1BCF86FE0004F3D2;
					};
					56E12EF01BCF86FE0004F3D2 = {
						CreatedOnToolsVersion = 7.0.1;
						TestTargetID = 56E12ECE1BCF86FE0004F3D2;
					};
				};
			};
			buildConfigurationList = 56E12ECA1BCF86FE0004F3D2 /* Build configuration list for PBXProject "Notes" */;
			compatibilityVersion = "Xcode 3.2";
			developmentRegion = English;
			hasScannedForEncodings = 0;
			knownRegions = (
				en,
				Base,
			);
			mainGroup = 56E12EC61BCF86FE0004F3D2;
			productRefGroup = 56E12ED01BCF86FE0004F3D2 /* Products */;
			projectDirPath = "";
			projectRoot = "";
			targets = (
				56E12ECE1BCF86FE0004F3D2 /* Notes */,
				56E12EE51BCF86FE0004F3D2 /* NotesTests */,
				56E12EF01BCF86FE0004F3D2 /* NotesUITests */,
			);
		};
/* End PBXProject section */

/* Begin PBXResourcesBuildPhase section */
		56E12ECD1BCF86FE0004F3D2 /* Resources */ = {
			isa = PBXResourcesBuildPhase;
			buildActionMask = 2147483647;
			files = (
				56E12EE01BCF86FE0004F3D2 /* LaunchScreen.storyboard in Resources */,
				56E12EDD1BCF86FE0004F3D2 /* Assets.xcassets in Resources */,
				56E12ED81BCF86FE0004F3D2 /* Main.storyboard in Resources */,
			);
			runOnlyForDeploymentPostprocessing = 0;
		};
		56E12EE41BCF86FE0004F3D2 /* Resources */ = {
			isa = PBXResourcesBuildPhase;
			buildActionMask = 2147483647;
			files = (
			);
			runOnlyForDeploymentPostprocessing = 0;
		};
		56E12EEF1BCF86FE0004F3D2 /* Resources */ = {
			isa = PBXResourcesBuildPhase;
			buildActionMask = 2147483647;
			files = (
			);
			runOnlyForDeploymentPostprocessing = 0;
		};
/* End PBXResourcesBuildPhase section */

/* Begin PBXSourcesBuildPhase section */
		56E12ECB1BCF86FE0004F3D2 /* Sources */ = {
			isa = PBXSourcesBuildPhase;
			buildActionMask = 2147483647;
			files = (
				56E12ED51BCF86FE0004F3D2 /* ViewController.swift in Sources */,
				56E12EDB1BCF86FE0004F3D2 /* Notes.xcdatamodeld in Sources */,
				56E12ED31BCF86FE0004F3D2 /* AppDelegate.swift in Sources */,
			);
			runOnlyForDeploymentPostprocessing = 0;
		};
		56E12EE21BCF86FE0004F3D2 /* Sources */ = {
			isa = PBXSourcesBuildPhase;
			buildActionMask = 2147483647;
			files = (
				56E12EEB1BCF86FE0004F3D2 /* NotesTests.swift in Sources */,
			);
			runOnlyForDeploymentPostprocessing = 0;
		};
		56E12EED1BCF86FE0004F3D2 /* Sources */ = {
			isa = PBXSourcesBuildPhase;
			buildActionMask = 2147483647;
			files = (
				56E12EF61BCF86FE0004F3D2 /* NotesUITests.swift in Sources */,
			);
			runOnlyForDeploymentPostprocessing = 0;
		};
/* End PBXSourcesBuildPhase section */

/* Begin PBXTargetDependency section */
		56E12EE81BCF86FE0004F3D2 /* PBXTargetDependency */ = {
			isa = PBXTargetDependency;
			target = 56E12ECE1BCF86FE0004F3D2 /* Notes */;
			targetProxy = 56E12EE71BCF86FE0004F3D2 /* PBXContainerItemProxy */;
		};
		56E12EF31BCF86FE0004F3D2 /* PBXTargetDependency */ = {
			isa = PBXTargetDependency;
			target = 56E12ECE1BCF86FE0004F3D2 /* Notes */;
			targetProxy = 56E12EF21BCF86FE0004F3D2 /* PBXContainerItemProxy */;
		};
/* End PBXTargetDependency section */

/* Begin PBXVariantGroup section */
		56E12ED61BCF86FE0004F3D2 /* Main.storyboard */ = {
			isa = PBXVariantGroup;
			children = (
				56E12ED71BCF86FE0004F3D2 /* Base */,
			);
			name = Main.storyboard;
			sourceTree = "<group>";
		};
		56E12EDE1BCF86FE0004F3D2 /* LaunchScreen.storyboard */ = {
			isa = PBXVariantGroup;
			children = (
				56E12EDF1BCF86FE0004F3D2 /* Base */,
			);
			name = LaunchScreen.storyboard;
			sourceTree = "<group>";
		};
/* End PBXVariantGroup section */

/* Begin XCBuildConfiguration section */
		56E12EF81BCF86FE0004F3D2 /* Debug */ = {
			isa = XCBuildConfiguration;
			buildSettings = {
				ALWAYS_SEARCH_USER_PATHS = NO;
				CLANG_CXX_LANGUAGE_STANDARD = "gnu++0x";
				CLANG_CXX_LIBRARY = "libc++";
				CLANG_ENABLE_MODULES = YES;
				CLANG_ENABLE_OBJC_ARC = YES;
				CLANG_WARN_BOOL_CONVERSION = YES;
				CLANG_WARN_CONSTANT_CONVERSION = YES;
				CLANG_WARN_DIRECT_OBJC_ISA_USAGE = YES_ERROR;
				CLANG_WARN_EMPTY_BODY = YES;
				CLANG_WARN_ENUM_CONVERSION = YES;
				CLANG_WARN_INT_CONVERSION = YES;
				CLANG_WARN_OBJC_ROOT_CLASS = YES_ERROR;
				CLANG_WARN_UNREACHABLE_CODE = YES;
				CLANG_WARN__DUPLICATE_METHOD_MATCH = YES;
				"CODE_SIGN_IDENTITY[sdk=iphoneos*]" = "iPhone Developer";
				COPY_PHASE_STRIP = NO;
				DEBUG_INFORMATION_FORMAT = dwarf;
				ENABLE_STRICT_OBJC_MSGSEND = YES;
				ENABLE_TESTABILITY = YES;
				GCC_C_LANGUAGE_STANDARD = gnu99;
				GCC_DYNAMIC_NO_PIC = NO;
				GCC_NO_COMMON_BLOCKS = YES;
				GCC_OPTIMIZATION_LEVEL = 0;
				GCC_PREPROCESSOR_DEFINITIONS = (
					"DEBUG=1",
					"$(inherited)",
				);
				GCC_WARN_64_TO_32_BIT_CONVERSION = YES;
				GCC_WARN_ABOUT_RETURN_TYPE = YES_ERROR;
				GCC_WARN_UNDECLARED_SELECTOR = YES;
				GCC_WARN_UNINITIALIZED_AUTOS = YES_AGGRESSIVE;
				GCC_WARN_UNUSED_FUNCTION = YES;
				GCC_WARN_UNUSED_VARIABLE = YES;
				IPHONEOS_DEPLOYMENT_TARGET = 9.0;
				MTL_ENABLE_DEBUG_INFO = YES;
				ONLY_ACTIVE_ARCH = YES;
				SDKROOT = iphoneos;
				SWIFT_OPTIMIZATION_LEVEL = "-Onone";
				TARGETED_DEVICE_FAMILY = "1,2";
			};
			name = Debug;
		};
		56E12EF91BCF86FE0004F3D2 /* Release */ = {
			isa = XCBuildConfiguration;
			buildSettings = {
				ALWAYS_SEARCH_USER_PATHS = NO;
				CLANG_CXX_LANGUAGE_STANDARD = "gnu++0x";
				CLANG_CXX_LIBRARY = "libc++";
				CLANG_ENABLE_MODULES = YES;
				CLANG_ENABLE_OBJC_ARC = YES;
				CLANG_WARN_BOOL_CONVERSION = YES;
				CLANG_WARN_CONSTANT_CONVERSION = YES;
				CLANG_WARN_DIRECT_OBJC_ISA_USAGE = YES_ERROR;
				CLANG_WARN_EMPTY_BODY = YES;
				CLANG_WARN_ENUM_CONVERSION = YES;
				CLANG_WARN_INT_CONVERSION = YES;
				CLANG_WARN_OBJC_ROOT_CLASS = YES_ERROR;
				CLANG_WARN_UNREACHABLE_CODE = YES;
				CLANG_WARN__DUPLICATE_METHOD_MATCH = YES;
				"CODE_SIGN_IDENTITY[sdk=iphoneos*]" = "iPhone Developer";
				COPY_PHASE_STRIP = NO;
				DEBUG_INFORMATION_FORMAT = "dwarf-with-dsym";
				ENABLE_NS_ASSERTIONS = NO;
				ENABLE_STRICT_OBJC_MSGSEND = YES;
				GCC_C_LANGUAGE_STANDARD = gnu99;
				GCC_NO_COMMON_BLOCKS = YES;
				GCC_WARN_64_TO_32_BIT_CONVERSION = YES;
				GCC_WARN_ABOUT_RETURN_TYPE = YES_ERROR;
				GCC_WARN_UNDECLARED_SELECTOR = YES;
				GCC_WARN_UNINITIALIZED_AUTOS = YES_AGGRESSIVE;
				GCC_WARN_UNUSED_FUNCTION = YES;
				GCC_WARN_UNUSED_VARIABLE = YES;
				IPHONEOS_DEPLOYMENT_TARGET = 9.0;
				MTL_ENABLE_DEBUG_INFO = NO;
				SDKROOT = iphoneos;
				TARGETED_DEVICE_FAMILY = "1,2";
				VALIDATE_PRODUCT = YES;
			};
			name = Release;
		};
		56E12EFB1BCF86FE0004F3D2 /* Debug */ = {
			isa = XCBuildConfiguration;
			buildSettings = {
				ASSETCATALOG_COMPILER_APPICON_NAME = AppIcon;
				INFOPLIST_FILE = Notes/Info.plist;
				LD_RUNPATH_SEARCH_PATHS = "$(inherited) @executable_path/Frameworks";
				PRODUCT_BUNDLE_IDENTIFIER = mootta.Notes;
				PRODUCT_NAME = "$(TARGET_NAME)";
			};
			name = Debug;
		};
		56E12EFC1BCF86FE0004F3D2 /* Release */ = {
			isa = XCBuildConfiguration;
			buildSettings = {
				ASSETCATALOG_COMPILER_APPICON_NAME = AppIcon;
				INFOPLIST_FILE = Notes/Info.plist;
				LD_RUNPATH_SEARCH_PATHS = "$(inherited) @executable_path/Frameworks";
				PRODUCT_BUNDLE_IDENTIFIER = mootta.Notes;
				PRODUCT_NAME = "$(TARGET_NAME)";
			};
			name = Release;
		};
		56E12EFE1BCF86FE0004F3D2 /* Debug */ = {
			isa = XCBuildConfiguration;
			buildSettings = {
				BUNDLE_LOADER = "$(TEST_HOST)";
				INFOPLIST_FILE = NotesTests/Info.plist;
				LD_RUNPATH_SEARCH_PATHS = "$(inherited) @executable_path/Frameworks @loader_path/Frameworks";
				PRODUCT_BUNDLE_IDENTIFIER = mootta.NotesTests;
				PRODUCT_NAME = "$(TARGET_NAME)";
				TEST_HOST = "$(BUILT_PRODUCTS_DIR)/Notes.app/Notes";
			};
			name = Debug;
		};
		56E12EFF1BCF86FE0004F3D2 /* Release */ = {
			isa = XCBuildConfiguration;
			buildSettings = {
				BUNDLE_LOADER = "$(TEST_HOST)";
				INFOPLIST_FILE = NotesTests/Info.plist;
				LD_RUNPATH_SEARCH_PATHS = "$(inherited) @executable_path/Frameworks @loader_path/Frameworks";
				PRODUCT_BUNDLE_IDENTIFIER = mootta.NotesTests;
				PRODUCT_NAME = "$(TARGET_NAME)";
				TEST_HOST = "$(BUILT_PRODUCTS_DIR)/Notes.app/Notes";
			};
			name = Release;
		};
		56E12F011BCF86FE0004F3D2 /* Debug */ = {
			isa = XCBuildConfiguration;
			buildSettings = {
				INFOPLIST_FILE = NotesUITests/Info.plist;
				LD_RUNPATH_SEARCH_PATHS = "$(inherited) @executable_path/Frameworks @loader_path/Frameworks";
				PRODUCT_BUNDLE_IDENTIFIER = mootta.NotesUITests;
				PRODUCT_NAME = "$(TARGET_NAME)";
				TEST_TARGET_NAME = Notes;
				USES_XCTRUNNER = YES;
			};
			name = Debug;
		};
		56E12F021BCF86FE0004F3D2 /* Release */ = {
			isa = XCBuildConfiguration;
			buildSettings = {
				INFOPLIST_FILE = NotesUITests/Info.plist;
				LD_RUNPATH_SEARCH_PATHS = "$(inherited) @executable_path/Frameworks @loader_path/Frameworks";
				PRODUCT_BUNDLE_IDENTIFIER = mootta.NotesUITests;
				PRODUCT_NAME = "$(TARGET_NAME)";
				TEST_TARGET_NAME = Notes;
				USES_XCTRUNNER = YES;
			};
			name = Release;
		};
/* End XCBuildConfiguration section */

/* Begin XCConfigurationList section */
		56E12ECA1BCF86FE0004F3D2 /* Build configuration list for PBXProject "Notes" */ = {
			isa = XCConfigurationList;
			buildConfigurations = (
				56E12EF81BCF86FE0004F3D2 /* Debug */,
				56E12EF91BCF86FE0004F3D2 /* Release */,
			);
			defaultConfigurationIsVisible = 0;
			defaultConfigurationName = Release;
		};
		56E12EFA1BCF86FE0004F3D2 /* Build configuration list for PBXNativeTarget "Notes" */ = {
			isa = XCConfigurationList;
			buildConfigurations = (
				56E12EFB1BCF86FE0004F3D2 /* Debug */,
				56E12EFC1BCF86FE0004F3D2 /* Release */,
			);
			defaultConfigurationIsVisible = 0;
		};
		56E12EFD1BCF86FE0004F3D2 /* Build configuration list for PBXNativeTarget "NotesTests" */ = {
			isa = XCConfigurationList;
			buildConfigurations = (
				56E12EFE1BCF86FE0004F3D2 /* Debug */,
				56E12EFF1BCF86FE0004F3D2 /* Release */,
			);
			defaultConfigurationIsVisible = 0;
		};
		56E12F001BCF86FE0004F3D2 /* Build configuration list for PBXNativeTarget "NotesUITests" */ = {
			isa = XCConfigurationList;
			buildConfigurations = (
				56E12F011BCF86FE0004F3D2 /* Debug */,
				56E12F021BCF86FE0004F3D2 /* Release */,
			);
			defaultConfigurationIsVisible = 0;
		};
/* End XCConfigurationList section */

/* Begin XCVersionGroup section */
		56E12ED91BCF86FE0004F3D2 /* Notes.xcdatamodeld */ = {
			isa = XCVersionGroup;
			children = (
				56E12EDA1BCF86FE0004F3D2 /* Notes.xcdatamodel */,
			);
			currentVersion = 56E12EDA1BCF86FE0004F3D2 /* Notes.xcdatamodel */;
			path = Notes.xcdatamodeld;
			sourceTree = "<group>";
			versionGroupType = wrapper.xcdatamodel;
		};
/* End XCVersionGroup section */
	};
	rootObject = 56E12EC71BCF86FE0004F3D2 /* Project object */;
}
